
Microsoft Visual Studio Solution File, Format Version 12.00
# Visual Studio Version 17
VisualStudioVersion = 17.14.36109.1 d17.14
MinimumVisualStudioVersion = 10.0.40219.1
Project("{FAE04EC0-301F-11D3-BF4B-00C04F79EFBC}") = "marinaa-timofeeva-kt-42-22", "marinaa-timofeeva-kt-42-22\marinaa-timofeeva-kt-42-22.csproj", "{13090A5A-4164-46BD-9875-BF74A4BBFC51}"
EndProject
Global
	GlobalSection(SolutionConfigurationPlatforms) = preSolution
		Debug|Any CPU = Debug|Any CPU
		Release|Any CPU = Release|Any CPU
	EndGlobalSection
	GlobalSection(ProjectConfigurationPlatforms) = postSolution
		{13090A5A-4164-46BD-9875-BF74A4BBFC51}.Debug|Any CPU.ActiveCfg = Debug|Any CPU
		{13090A5A-4164-46BD-9875-BF74A4BBFC51}.Debug|Any CPU.Build.0 = Debug|Any CPU
		{13090A5A-4164-46BD-9875-BF74A4BBFC51}.Release|Any CPU.ActiveCfg = Release|Any CPU
		{13090A5A-4164-46BD-9875-BF74A4BBFC51}.Release|Any CPU.Build.0 = Release|Any CPU
	EndGlobalSection
	GlobalSection(SolutionProperties) = preSolution
		HideSolutionNode = FALSE
	EndGlobalSection
	GlobalSection(ExtensibilityGlobals) = postSolution
		SolutionGuid = {828504DA-58B8-4B17-ACC7-052B0125602B}
	EndGlobalSection
EndGlobal
